// !$*UTF8*$!
{
	archiveVersion = 1;
	classes = {
	};
	objectVersion = 46;
	objects = {

/* Begin PBXBuildFile section */
		69FF3F897802C4C57C749220 /* Pods.framework in Frameworks */ = {isa = PBXBuildFile; fileRef = 5C60098BDFA4AABA175BF634 /* Pods.framework */; settings = {ATTRIBUTES = (Weak, ); }; };
		7227834754258556493FE6AF /* Pods.framework in Frameworks */ = {isa = PBXBuildFile; fileRef = 5C60098BDFA4AABA175BF634 /* Pods.framework */; settings = {ATTRIBUTES = (Weak, ); }; };
		97213D0D1B25739500F99FBC /* CommentModel.swift in Sources */ = {isa = PBXBuildFile; fileRef = 97213D0C1B25739500F99FBC /* CommentModel.swift */; };
		972752161AFFA078001A1F41 /* ProfileViewController.swift in Sources */ = {isa = PBXBuildFile; fileRef = 972752151AFFA078001A1F41 /* ProfileViewController.swift */; };
		9727521D1B00998E001A1F41 /* BaseViewController.swift in Sources */ = {isa = PBXBuildFile; fileRef = 9727521C1B00998E001A1F41 /* BaseViewController.swift */; };
		972D99AA1B38352F0069C052 /* NotificationCenter.framework in Frameworks */ = {isa = PBXBuildFile; fileRef = 972D99A91B38352F0069C052 /* NotificationCenter.framework */; };
		972D99AF1B38352F0069C052 /* TodayViewController.swift in Sources */ = {isa = PBXBuildFile; fileRef = 972D99AE1B38352F0069C052 /* TodayViewController.swift */; };
		972D99B11B38352F0069C052 /* MainInterface.storyboard in Resources */ = {isa = PBXBuildFile; fileRef = 972D99B01B38352F0069C052 /* MainInterface.storyboard */; };
		972D99B41B38352F0069C052 /* v2exTodayExtension.appex in Embed App Extensions */ = {isa = PBXBuildFile; fileRef = 972D99A81B38352F0069C052 /* v2exTodayExtension.appex */; settings = {ATTRIBUTES = (RemoveHeadersOnCopy, ); }; };
		9739A8011B3BBA85006D9259 /* FontAwesome.swift in Sources */ = {isa = PBXBuildFile; fileRef = 9739A7FB1B3BBA85006D9259 /* FontAwesome.swift */; };
		9739A8021B3BBA85006D9259 /* FontAwesome.otf in Resources */ = {isa = PBXBuildFile; fileRef = 9739A7FD1B3BBA85006D9259 /* FontAwesome.otf */; };
		9739A8031B3BBA85006D9259 /* HTMLNode.swift in Sources */ = {isa = PBXBuildFile; fileRef = 9739A7FF1B3BBA85006D9259 /* HTMLNode.swift */; };
		9739A8041B3BBA85006D9259 /* HTMLParser.swift in Sources */ = {isa = PBXBuildFile; fileRef = 9739A8001B3BBA85006D9259 /* HTMLParser.swift */; };
		9739A8051B3BBB86006D9259 /* v2exKit.framework in Frameworks */ = {isa = PBXBuildFile; fileRef = 97EA80471B3AAD87002C7C48 /* v2exKit.framework */; };
		974205031B300E8800F07E5E /* PostViewController.swift in Sources */ = {isa = PBXBuildFile; fileRef = 974205021B300E8800F07E5E /* PostViewController.swift */; };
		974205051B30708300F07E5E /* PostCell.swift in Sources */ = {isa = PBXBuildFile; fileRef = 974205041B30708300F07E5E /* PostCell.swift */; };
		974205071B3070BA00F07E5E /* PostCell.xib in Resources */ = {isa = PBXBuildFile; fileRef = 974205061B3070BA00F07E5E /* PostCell.xib */; };
		974F651F1B3FF66300927B37 /* STColor.swift in Sources */ = {isa = PBXBuildFile; fileRef = 974F65191B3FF66300927B37 /* STColor.swift */; };
		974F65201B3FF66300927B37 /* STDate.swift in Sources */ = {isa = PBXBuildFile; fileRef = 974F651A1B3FF66300927B37 /* STDate.swift */; };
		974F65211B3FF66300927B37 /* STString.swift in Sources */ = {isa = PBXBuildFile; fileRef = 974F651B1B3FF66300927B37 /* STString.swift */; };
		974F65221B3FF66300927B37 /* STTextView.swift in Sources */ = {isa = PBXBuildFile; fileRef = 974F651C1B3FF66300927B37 /* STTextView.swift */; };
		974F65231B3FF66300927B37 /* STView.swift in Sources */ = {isa = PBXBuildFile; fileRef = 974F651D1B3FF66300927B37 /* STView.swift */; };
		9759730B1B44053400FCF28D /* MemberCell.swift in Sources */ = {isa = PBXBuildFile; fileRef = 9759730A1B44053400FCF28D /* MemberCell.swift */; };
		9759730D1B4405E800FCF28D /* MemberCell.xib in Resources */ = {isa = PBXBuildFile; fileRef = 9759730C1B4405E800FCF28D /* MemberCell.xib */; };
		975E6D3D1B0B3F490080F998 /* AccountViewController.swift in Sources */ = {isa = PBXBuildFile; fileRef = 975E6D3C1B0B3F490080F998 /* AccountViewController.swift */; };
		9764184A1B58B8A4003986EE /* MemberReplyModel.swift in Sources */ = {isa = PBXBuildFile; fileRef = 976418491B58B8A4003986EE /* MemberReplyModel.swift */; };
		979587331B0F389200B20745 /* libxml2.dylib in Frameworks */ = {isa = PBXBuildFile; fileRef = 979587321B0F389200B20745 /* libxml2.dylib */; };
		97A067A41AF4B3C400EB475C /* JSONAble.swift in Sources */ = {isa = PBXBuildFile; fileRef = 97A067A31AF4B3C400EB475C /* JSONAble.swift */; };
		97A8CCE61B6B6E5600CFADB9 /* STInsetLabel.swift in Sources */ = {isa = PBXBuildFile; fileRef = 97A8CCE51B6B6E5600CFADB9 /* STInsetLabel.swift */; };
		97BA7CDC1AF47FBB00950A0C /* AppDelegate.swift in Sources */ = {isa = PBXBuildFile; fileRef = 97BA7CDB1AF47FBB00950A0C /* AppDelegate.swift */; };
		97BA7CE31AF47FBB00950A0C /* Main.storyboard in Resources */ = {isa = PBXBuildFile; fileRef = 97BA7CE11AF47FBB00950A0C /* Main.storyboard */; };
		97BA7CE51AF47FBB00950A0C /* Images.xcassets in Resources */ = {isa = PBXBuildFile; fileRef = 97BA7CE41AF47FBB00950A0C /* Images.xcassets */; };
		97BA7CE81AF47FBB00950A0C /* LaunchScreen.xib in Resources */ = {isa = PBXBuildFile; fileRef = 97BA7CE61AF47FBB00950A0C /* LaunchScreen.xib */; };
		97BA7CF41AF47FBB00950A0C /* v2exTests.swift in Sources */ = {isa = PBXBuildFile; fileRef = 97BA7CF31AF47FBB00950A0C /* v2exTests.swift */; };
		97BA7D001AF483B100950A0C /* HotViewController.swift in Sources */ = {isa = PBXBuildFile; fileRef = 97BA7CFF1AF483B100950A0C /* HotViewController.swift */; };
		97BB753F1AFCAF0900872416 /* MemberModel.swift in Sources */ = {isa = PBXBuildFile; fileRef = 97BB753E1AFCAF0900872416 /* MemberModel.swift */; };
		97BB75411AFCC15D00872416 /* NodeModel.swift in Sources */ = {isa = PBXBuildFile; fileRef = 97BB75401AFCC15D00872416 /* NodeModel.swift */; };
		97BB75431AFCEE7A00872416 /* LatestViewController.swift in Sources */ = {isa = PBXBuildFile; fileRef = 97BB75421AFCEE7A00872416 /* LatestViewController.swift */; };
		97BB75451AFCF8AA00872416 /* NodeViewController.swift in Sources */ = {isa = PBXBuildFile; fileRef = 97BB75441AFCF8AA00872416 /* NodeViewController.swift */; };
		97BB75471AFCFA0100872416 /* WebViewController.swift in Sources */ = {isa = PBXBuildFile; fileRef = 97BB75461AFCFA0100872416 /* WebViewController.swift */; };
		97BC19481B5401CB007E9783 /* MemberReplyViewController.swift in Sources */ = {isa = PBXBuildFile; fileRef = 97BC19471B5401CB007E9783 /* MemberReplyViewController.swift */; };
		97BC194A1B5407A1007E9783 /* MemberReplyCell.swift in Sources */ = {isa = PBXBuildFile; fileRef = 97BC19491B5407A1007E9783 /* MemberReplyCell.swift */; };
		97C0B5A31B43DA0700C74281 /* AtUserTableView.swift in Sources */ = {isa = PBXBuildFile; fileRef = 97C0B5A21B43DA0700C74281 /* AtUserTableView.swift */; };
		97D645271B3C4936005B4485 /* v2exKit.swift in Sources */ = {isa = PBXBuildFile; fileRef = 97D645261B3C4936005B4485 /* v2exKit.swift */; };
		97D6B4991B457E450043499B /* PostContentCell.swift in Sources */ = {isa = PBXBuildFile; fileRef = 97D6B4981B457E450043499B /* PostContentCell.swift */; };
		97E62EBE1B11CD5E00589989 /* APIManage.swift in Sources */ = {isa = PBXBuildFile; fileRef = 97E62EBD1B11CD5E00589989 /* APIManage.swift */; };
		97E76C601B218E5700F38FB1 /* PostModel.swift in Sources */ = {isa = PBXBuildFile; fileRef = 97E76C5F1B218E5700F38FB1 /* PostModel.swift */; };
		97E76C641B21AC5700F38FB1 /* PostTableView.swift in Sources */ = {isa = PBXBuildFile; fileRef = 97E76C631B21AC5700F38FB1 /* PostTableView.swift */; };
		97E76C6A1B24AB3700F38FB1 /* PostDetailViewController.swift in Sources */ = {isa = PBXBuildFile; fileRef = 97E76C691B24AB3700F38FB1 /* PostDetailViewController.swift */; };
		97E76C6C1B24AE3600F38FB1 /* CommentCell.swift in Sources */ = {isa = PBXBuildFile; fileRef = 97E76C6B1B24AE3600F38FB1 /* CommentCell.swift */; };
		97E76C6E1B24AE5700F38FB1 /* CommentCell.xib in Resources */ = {isa = PBXBuildFile; fileRef = 97E76C6D1B24AE5700F38FB1 /* CommentCell.xib */; };
		97E76C701B25485C00F38FB1 /* PostDetailModel.swift in Sources */ = {isa = PBXBuildFile; fileRef = 97E76C6F1B25485C00F38FB1 /* PostDetailModel.swift */; };
		97EA804C1B3AAD87002C7C48 /* v2exKit.h in Headers */ = {isa = PBXBuildFile; fileRef = 97EA804B1B3AAD87002C7C48 /* v2exKit.h */; settings = {ATTRIBUTES = (Public, ); }; };
		97EA80521B3AAD87002C7C48 /* v2exKit.framework in Frameworks */ = {isa = PBXBuildFile; fileRef = 97EA80471B3AAD87002C7C48 /* v2exKit.framework */; };
		97EA805B1B3AAD87002C7C48 /* v2exKitTests.swift in Sources */ = {isa = PBXBuildFile; fileRef = 97EA805A1B3AAD87002C7C48 /* v2exKitTests.swift */; };
		97EA805E1B3AAD87002C7C48 /* v2exKit.framework in Frameworks */ = {isa = PBXBuildFile; fileRef = 97EA80471B3AAD87002C7C48 /* v2exKit.framework */; };
		97EA805F1B3AAD87002C7C48 /* v2exKit.framework in Embed Frameworks */ = {isa = PBXBuildFile; fileRef = 97EA80471B3AAD87002C7C48 /* v2exKit.framework */; settings = {ATTRIBUTES = (CodeSignOnCopy, RemoveHeadersOnCopy, ); }; };
		BAF9BB6A156C0A7200134463 /* Pods_v2ex.framework in Frameworks */ = {isa = PBXBuildFile; fileRef = CFBDE2519A69DA8736E4782E /* Pods_v2ex.framework */; settings = {ATTRIBUTES = (Weak, ); }; };
		E86E86689C7B3AA61E4E59B0 /* Pods.framework in Frameworks */ = {isa = PBXBuildFile; fileRef = 5C60098BDFA4AABA175BF634 /* Pods.framework */; settings = {ATTRIBUTES = (Weak, ); }; };
/* End PBXBuildFile section */

/* Begin PBXContainerItemProxy section */
		972D99B21B38352F0069C052 /* PBXContainerItemProxy */ = {
			isa = PBXContainerItemProxy;
			containerPortal = 97BA7CCE1AF47FBB00950A0C /* Project object */;
			proxyType = 1;
			remoteGlobalIDString = 972D99A71B38352F0069C052;
			remoteInfo = v2exTodayExtension;
		};
		97BA7CEE1AF47FBB00950A0C /* PBXContainerItemProxy */ = {
			isa = PBXContainerItemProxy;
			containerPortal = 97BA7CCE1AF47FBB00950A0C /* Project object */;
			proxyType = 1;
			remoteGlobalIDString = 97BA7CD51AF47FBB00950A0C;
			remoteInfo = v2ex;
		};
		97EA80531B3AAD87002C7C48 /* PBXContainerItemProxy */ = {
			isa = PBXContainerItemProxy;
			containerPortal = 97BA7CCE1AF47FBB00950A0C /* Project object */;
			proxyType = 1;
			remoteGlobalIDString = 97EA80461B3AAD87002C7C48;
			remoteInfo = v2exKit;
		};
		97EA80551B3AAD87002C7C48 /* PBXContainerItemProxy */ = {
			isa = PBXContainerItemProxy;
			containerPortal = 97BA7CCE1AF47FBB00950A0C /* Project object */;
			proxyType = 1;
			remoteGlobalIDString = 97BA7CD51AF47FBB00950A0C;
			remoteInfo = v2ex;
		};
		97EA805C1B3AAD87002C7C48 /* PBXContainerItemProxy */ = {
			isa = PBXContainerItemProxy;
			containerPortal = 97BA7CCE1AF47FBB00950A0C /* Project object */;
			proxyType = 1;
			remoteGlobalIDString = 97EA80461B3AAD87002C7C48;
			remoteInfo = v2exKit;
		};
/* End PBXContainerItemProxy section */

/* Begin PBXCopyFilesBuildPhase section */
		972D99B81B38352F0069C052 /* Embed App Extensions */ = {
			isa = PBXCopyFilesBuildPhase;
			buildActionMask = 2147483647;
			dstPath = "";
			dstSubfolderSpec = 13;
			files = (
				972D99B41B38352F0069C052 /* v2exTodayExtension.appex in Embed App Extensions */,
			);
			name = "Embed App Extensions";
			runOnlyForDeploymentPostprocessing = 0;
		};
		97EA80651B3AAD87002C7C48 /* Embed Frameworks */ = {
			isa = PBXCopyFilesBuildPhase;
			buildActionMask = 2147483647;
			dstPath = "";
			dstSubfolderSpec = 10;
			files = (
				97EA805F1B3AAD87002C7C48 /* v2exKit.framework in Embed Frameworks */,
			);
			name = "Embed Frameworks";
			runOnlyForDeploymentPostprocessing = 0;
		};
/* End PBXCopyFilesBuildPhase section */

/* Begin PBXFileReference section */
		5C60098BDFA4AABA175BF634 /* Pods.framework */ = {isa = PBXFileReference; explicitFileType = wrapper.framework; includeInIndex = 0; path = Pods.framework; sourceTree = BUILT_PRODUCTS_DIR; };
		96FD8C32A3900DB4C0D61775 /* Pods.debug.xcconfig */ = {isa = PBXFileReference; includeInIndex = 1; lastKnownFileType = text.xcconfig; name = Pods.debug.xcconfig; path = "Pods/Target Support Files/Pods/Pods.debug.xcconfig"; sourceTree = "<group>"; };
		97213D0C1B25739500F99FBC /* CommentModel.swift */ = {isa = PBXFileReference; fileEncoding = 4; lastKnownFileType = sourcecode.swift; path = CommentModel.swift; sourceTree = "<group>"; };
		972752151AFFA078001A1F41 /* ProfileViewController.swift */ = {isa = PBXFileReference; fileEncoding = 4; lastKnownFileType = sourcecode.swift; path = ProfileViewController.swift; sourceTree = "<group>"; };
		9727521C1B00998E001A1F41 /* BaseViewController.swift */ = {isa = PBXFileReference; fileEncoding = 4; lastKnownFileType = sourcecode.swift; path = BaseViewController.swift; sourceTree = "<group>"; };
		972D99A81B38352F0069C052 /* v2exTodayExtension.appex */ = {isa = PBXFileReference; explicitFileType = "wrapper.app-extension"; includeInIndex = 0; path = v2exTodayExtension.appex; sourceTree = BUILT_PRODUCTS_DIR; };
		972D99A91B38352F0069C052 /* NotificationCenter.framework */ = {isa = PBXFileReference; lastKnownFileType = wrapper.framework; name = NotificationCenter.framework; path = System/Library/Frameworks/NotificationCenter.framework; sourceTree = SDKROOT; };
		972D99AD1B38352F0069C052 /* Info.plist */ = {isa = PBXFileReference; lastKnownFileType = text.plist.xml; path = Info.plist; sourceTree = "<group>"; };
		972D99AE1B38352F0069C052 /* TodayViewController.swift */ = {isa = PBXFileReference; lastKnownFileType = sourcecode.swift; path = TodayViewController.swift; sourceTree = "<group>"; };
		972D99B01B38352F0069C052 /* MainInterface.storyboard */ = {isa = PBXFileReference; lastKnownFileType = file.storyboard; path = MainInterface.storyboard; sourceTree = "<group>"; };
		9739A7E11B3AC240006D9259 /* v2ex.entitlements */ = {isa = PBXFileReference; lastKnownFileType = text.xml; path = v2ex.entitlements; sourceTree = "<group>"; };
		9739A7E21B3BA02C006D9259 /* v2exTodayExtension.entitlements */ = {isa = PBXFileReference; lastKnownFileType = text.xml; path = v2exTodayExtension.entitlements; sourceTree = "<group>"; };
		9739A7F61B3BB9D8006D9259 /* v2ex-Bridging-Header.h */ = {isa = PBXFileReference; lastKnownFileType = sourcecode.c.h; path = "v2ex-Bridging-Header.h"; sourceTree = "<group>"; };
		9739A7FB1B3BBA85006D9259 /* FontAwesome.swift */ = {isa = PBXFileReference; fileEncoding = 4; lastKnownFileType = sourcecode.swift; path = FontAwesome.swift; sourceTree = "<group>"; };
		9739A7FD1B3BBA85006D9259 /* FontAwesome.otf */ = {isa = PBXFileReference; lastKnownFileType = file; path = FontAwesome.otf; sourceTree = "<group>"; };
		9739A7FF1B3BBA85006D9259 /* HTMLNode.swift */ = {isa = PBXFileReference; fileEncoding = 4; lastKnownFileType = sourcecode.swift; path = HTMLNode.swift; sourceTree = "<group>"; };
		9739A8001B3BBA85006D9259 /* HTMLParser.swift */ = {isa = PBXFileReference; fileEncoding = 4; lastKnownFileType = sourcecode.swift; path = HTMLParser.swift; sourceTree = "<group>"; };
		974205021B300E8800F07E5E /* PostViewController.swift */ = {isa = PBXFileReference; fileEncoding = 4; lastKnownFileType = sourcecode.swift; path = PostViewController.swift; sourceTree = "<group>"; };
		974205041B30708300F07E5E /* PostCell.swift */ = {isa = PBXFileReference; fileEncoding = 4; lastKnownFileType = sourcecode.swift; path = PostCell.swift; sourceTree = "<group>"; };
		974205061B3070BA00F07E5E /* PostCell.xib */ = {isa = PBXFileReference; fileEncoding = 4; lastKnownFileType = file.xib; path = PostCell.xib; sourceTree = "<group>"; };
		974F65191B3FF66300927B37 /* STColor.swift */ = {isa = PBXFileReference; fileEncoding = 4; lastKnownFileType = sourcecode.swift; path = STColor.swift; sourceTree = "<group>"; };
		974F651A1B3FF66300927B37 /* STDate.swift */ = {isa = PBXFileReference; fileEncoding = 4; lastKnownFileType = sourcecode.swift; path = STDate.swift; sourceTree = "<group>"; };
		974F651B1B3FF66300927B37 /* STString.swift */ = {isa = PBXFileReference; fileEncoding = 4; lastKnownFileType = sourcecode.swift; path = STString.swift; sourceTree = "<group>"; };
		974F651C1B3FF66300927B37 /* STTextView.swift */ = {isa = PBXFileReference; fileEncoding = 4; lastKnownFileType = sourcecode.swift; path = STTextView.swift; sourceTree = "<group>"; };
		974F651D1B3FF66300927B37 /* STView.swift */ = {isa = PBXFileReference; fileEncoding = 4; lastKnownFileType = sourcecode.swift; path = STView.swift; sourceTree = "<group>"; };
		9759730A1B44053400FCF28D /* MemberCell.swift */ = {isa = PBXFileReference; fileEncoding = 4; lastKnownFileType = sourcecode.swift; path = MemberCell.swift; sourceTree = "<group>"; };
		9759730C1B4405E800FCF28D /* MemberCell.xib */ = {isa = PBXFileReference; fileEncoding = 4; lastKnownFileType = file.xib; path = MemberCell.xib; sourceTree = "<group>"; };
		975E6D3C1B0B3F490080F998 /* AccountViewController.swift */ = {isa = PBXFileReference; fileEncoding = 4; lastKnownFileType = sourcecode.swift; path = AccountViewController.swift; sourceTree = "<group>"; };
		976418491B58B8A4003986EE /* MemberReplyModel.swift */ = {isa = PBXFileReference; fileEncoding = 4; lastKnownFileType = sourcecode.swift; path = MemberReplyModel.swift; sourceTree = "<group>"; };
		979587321B0F389200B20745 /* libxml2.dylib */ = {isa = PBXFileReference; lastKnownFileType = "compiled.mach-o.dylib"; name = libxml2.dylib; path = usr/lib/libxml2.dylib; sourceTree = SDKROOT; };
		97A067A31AF4B3C400EB475C /* JSONAble.swift */ = {isa = PBXFileReference; fileEncoding = 4; lastKnownFileType = sourcecode.swift; path = JSONAble.swift; sourceTree = "<group>"; };
		97A8CCE51B6B6E5600CFADB9 /* STInsetLabel.swift */ = {isa = PBXFileReference; fileEncoding = 4; lastKnownFileType = sourcecode.swift; path = STInsetLabel.swift; sourceTree = "<group>"; };
		97BA7CD61AF47FBB00950A0C /* v2ex.app */ = {isa = PBXFileReference; explicitFileType = wrapper.application; includeInIndex = 0; path = v2ex.app; sourceTree = BUILT_PRODUCTS_DIR; };
		97BA7CDA1AF47FBB00950A0C /* Info.plist */ = {isa = PBXFileReference; lastKnownFileType = text.plist.xml; path = Info.plist; sourceTree = "<group>"; };
		97BA7CDB1AF47FBB00950A0C /* AppDelegate.swift */ = {isa = PBXFileReference; lastKnownFileType = sourcecode.swift; path = AppDelegate.swift; sourceTree = "<group>"; };
		97BA7CE21AF47FBB00950A0C /* Base */ = {isa = PBXFileReference; lastKnownFileType = file.storyboard; name = Base; path = Base.lproj/Main.storyboard; sourceTree = "<group>"; };
		97BA7CE41AF47FBB00950A0C /* Images.xcassets */ = {isa = PBXFileReference; lastKnownFileType = folder.assetcatalog; path = Images.xcassets; sourceTree = "<group>"; };
		97BA7CE71AF47FBB00950A0C /* Base */ = {isa = PBXFileReference; lastKnownFileType = file.xib; name = Base; path = Base.lproj/LaunchScreen.xib; sourceTree = "<group>"; };
		97BA7CED1AF47FBB00950A0C /* v2exTests.xctest */ = {isa = PBXFileReference; explicitFileType = wrapper.cfbundle; includeInIndex = 0; path = v2exTests.xctest; sourceTree = BUILT_PRODUCTS_DIR; };
		97BA7CF21AF47FBB00950A0C /* Info.plist */ = {isa = PBXFileReference; lastKnownFileType = text.plist.xml; path = Info.plist; sourceTree = "<group>"; };
		97BA7CF31AF47FBB00950A0C /* v2exTests.swift */ = {isa = PBXFileReference; lastKnownFileType = sourcecode.swift; path = v2exTests.swift; sourceTree = "<group>"; };
		97BA7CFF1AF483B100950A0C /* HotViewController.swift */ = {isa = PBXFileReference; fileEncoding = 4; lastKnownFileType = sourcecode.swift; path = HotViewController.swift; sourceTree = "<group>"; };
		97BB753B1AFBB08200872416 /* v2ex.playground */ = {isa = PBXFileReference; lastKnownFileType = file.playground; path = v2ex.playground; sourceTree = "<group>"; };
		97BB753E1AFCAF0900872416 /* MemberModel.swift */ = {isa = PBXFileReference; fileEncoding = 4; lastKnownFileType = sourcecode.swift; path = MemberModel.swift; sourceTree = "<group>"; };
		97BB75401AFCC15D00872416 /* NodeModel.swift */ = {isa = PBXFileReference; fileEncoding = 4; lastKnownFileType = sourcecode.swift; path = NodeModel.swift; sourceTree = "<group>"; };
		97BB75421AFCEE7A00872416 /* LatestViewController.swift */ = {isa = PBXFileReference; fileEncoding = 4; lastKnownFileType = sourcecode.swift; path = LatestViewController.swift; sourceTree = "<group>"; };
		97BB75441AFCF8AA00872416 /* NodeViewController.swift */ = {isa = PBXFileReference; fileEncoding = 4; lastKnownFileType = sourcecode.swift; path = NodeViewController.swift; sourceTree = "<group>"; };
		97BB75461AFCFA0100872416 /* WebViewController.swift */ = {isa = PBXFileReference; fileEncoding = 4; lastKnownFileType = sourcecode.swift; path = WebViewController.swift; sourceTree = "<group>"; };
		97BC19471B5401CB007E9783 /* MemberReplyViewController.swift */ = {isa = PBXFileReference; fileEncoding = 4; lastKnownFileType = sourcecode.swift; path = MemberReplyViewController.swift; sourceTree = "<group>"; };
		97BC19491B5407A1007E9783 /* MemberReplyCell.swift */ = {isa = PBXFileReference; fileEncoding = 4; lastKnownFileType = sourcecode.swift; path = MemberReplyCell.swift; sourceTree = "<group>"; };
		97C0B5A21B43DA0700C74281 /* AtUserTableView.swift */ = {isa = PBXFileReference; fileEncoding = 4; lastKnownFileType = sourcecode.swift; path = AtUserTableView.swift; sourceTree = "<group>"; };
		97D645261B3C4936005B4485 /* v2exKit.swift */ = {isa = PBXFileReference; fileEncoding = 4; lastKnownFileType = sourcecode.swift; path = v2exKit.swift; sourceTree = "<group>"; };
		97D6B4981B457E450043499B /* PostContentCell.swift */ = {isa = PBXFileReference; fileEncoding = 4; lastKnownFileType = sourcecode.swift; path = PostContentCell.swift; sourceTree = "<group>"; };
		97E62EBD1B11CD5E00589989 /* APIManage.swift */ = {isa = PBXFileReference; fileEncoding = 4; lastKnownFileType = sourcecode.swift; path = APIManage.swift; sourceTree = "<group>"; };
		97E76C5F1B218E5700F38FB1 /* PostModel.swift */ = {isa = PBXFileReference; fileEncoding = 4; lastKnownFileType = sourcecode.swift; path = PostModel.swift; sourceTree = "<group>"; };
		97E76C631B21AC5700F38FB1 /* PostTableView.swift */ = {isa = PBXFileReference; fileEncoding = 4; lastKnownFileType = sourcecode.swift; path = PostTableView.swift; sourceTree = "<group>"; };
		97E76C691B24AB3700F38FB1 /* PostDetailViewController.swift */ = {isa = PBXFileReference; fileEncoding = 4; lastKnownFileType = sourcecode.swift; path = PostDetailViewController.swift; sourceTree = "<group>"; };
		97E76C6B1B24AE3600F38FB1 /* CommentCell.swift */ = {isa = PBXFileReference; fileEncoding = 4; lastKnownFileType = sourcecode.swift; path = CommentCell.swift; sourceTree = "<group>"; };
		97E76C6D1B24AE5700F38FB1 /* CommentCell.xib */ = {isa = PBXFileReference; fileEncoding = 4; lastKnownFileType = file.xib; path = CommentCell.xib; sourceTree = "<group>"; };
		97E76C6F1B25485C00F38FB1 /* PostDetailModel.swift */ = {isa = PBXFileReference; fileEncoding = 4; lastKnownFileType = sourcecode.swift; path = PostDetailModel.swift; sourceTree = "<group>"; };
		97EA80471B3AAD87002C7C48 /* v2exKit.framework */ = {isa = PBXFileReference; explicitFileType = wrapper.framework; includeInIndex = 0; path = v2exKit.framework; sourceTree = BUILT_PRODUCTS_DIR; };
		97EA804A1B3AAD87002C7C48 /* Info.plist */ = {isa = PBXFileReference; lastKnownFileType = text.plist.xml; path = Info.plist; sourceTree = "<group>"; };
		97EA804B1B3AAD87002C7C48 /* v2exKit.h */ = {isa = PBXFileReference; lastKnownFileType = sourcecode.c.h; path = v2exKit.h; sourceTree = "<group>"; };
		97EA80511B3AAD87002C7C48 /* v2exKitTests.xctest */ = {isa = PBXFileReference; explicitFileType = wrapper.cfbundle; includeInIndex = 0; path = v2exKitTests.xctest; sourceTree = BUILT_PRODUCTS_DIR; };
		97EA80591B3AAD87002C7C48 /* Info.plist */ = {isa = PBXFileReference; lastKnownFileType = text.plist.xml; path = Info.plist; sourceTree = "<group>"; };
		97EA805A1B3AAD87002C7C48 /* v2exKitTests.swift */ = {isa = PBXFileReference; lastKnownFileType = sourcecode.swift; path = v2exKitTests.swift; sourceTree = "<group>"; };
		A14A1226E5E61D986B0669FF /* Pods.release.xcconfig */ = {isa = PBXFileReference; includeInIndex = 1; lastKnownFileType = text.xcconfig; name = Pods.release.xcconfig; path = "Pods/Target Support Files/Pods/Pods.release.xcconfig"; sourceTree = "<group>"; };
		CFBDE2519A69DA8736E4782E /* Pods_v2ex.framework */ = {isa = PBXFileReference; explicitFileType = wrapper.framework; includeInIndex = 0; path = Pods_v2ex.framework; sourceTree = BUILT_PRODUCTS_DIR; };
		F2124D4030F01A8208644749 /* Pods-v2ex.release.xcconfig */ = {isa = PBXFileReference; includeInIndex = 1; lastKnownFileType = text.xcconfig; name = "Pods-v2ex.release.xcconfig"; path = "Pods/Target Support Files/Pods-v2ex/Pods-v2ex.release.xcconfig"; sourceTree = "<group>"; };
		F67494F33F897212461927C6 /* Pods-v2ex.debug.xcconfig */ = {isa = PBXFileReference; includeInIndex = 1; lastKnownFileType = text.xcconfig; name = "Pods-v2ex.debug.xcconfig"; path = "Pods/Target Support Files/Pods-v2ex/Pods-v2ex.debug.xcconfig"; sourceTree = "<group>"; };
/* End PBXFileReference section */

/* Begin PBXFrameworksBuildPhase section */
		972D99A51B38352F0069C052 /* Frameworks */ = {
			isa = PBXFrameworksBuildPhase;
			buildActionMask = 2147483647;
			files = (
				9739A8051B3BBB86006D9259 /* v2exKit.framework in Frameworks */,
				972D99AA1B38352F0069C052 /* NotificationCenter.framework in Frameworks */,
				7227834754258556493FE6AF /* Pods.framework in Frameworks */,
			);
			runOnlyForDeploymentPostprocessing = 0;
		};
		97BA7CD31AF47FBB00950A0C /* Frameworks */ = {
			isa = PBXFrameworksBuildPhase;
			buildActionMask = 2147483647;
			files = (
				979587331B0F389200B20745 /* libxml2.dylib in Frameworks */,
				97EA805E1B3AAD87002C7C48 /* v2exKit.framework in Frameworks */,
				69FF3F897802C4C57C749220 /* Pods.framework in Frameworks */,
				BAF9BB6A156C0A7200134463 /* Pods_v2ex.framework in Frameworks */,
			);
			runOnlyForDeploymentPostprocessing = 0;
		};
		97BA7CEA1AF47FBB00950A0C /* Frameworks */ = {
			isa = PBXFrameworksBuildPhase;
			buildActionMask = 2147483647;
			files = (
			);
			runOnlyForDeploymentPostprocessing = 0;
		};
		97EA80431B3AAD87002C7C48 /* Frameworks */ = {
			isa = PBXFrameworksBuildPhase;
			buildActionMask = 2147483647;
			files = (
				E86E86689C7B3AA61E4E59B0 /* Pods.framework in Frameworks */,
			);
			runOnlyForDeploymentPostprocessing = 0;
		};
		97EA804E1B3AAD87002C7C48 /* Frameworks */ = {
			isa = PBXFrameworksBuildPhase;
			buildActionMask = 2147483647;
			files = (
				97EA80521B3AAD87002C7C48 /* v2exKit.framework in Frameworks */,
			);
			runOnlyForDeploymentPostprocessing = 0;
		};
/* End PBXFrameworksBuildPhase section */

/* Begin PBXGroup section */
		2EDDCFE1CD0B1A277B293703 /* Pods */ = {
			isa = PBXGroup;
			children = (
				96FD8C32A3900DB4C0D61775 /* Pods.debug.xcconfig */,
				A14A1226E5E61D986B0669FF /* Pods.release.xcconfig */,
				F67494F33F897212461927C6 /* Pods-v2ex.debug.xcconfig */,
				F2124D4030F01A8208644749 /* Pods-v2ex.release.xcconfig */,
			);
			name = Pods;
			sourceTree = "<group>";
		};
		972752071AFF9190001A1F41 /* View */ = {
			isa = PBXGroup;
			children = (
				97E76C631B21AC5700F38FB1 /* PostTableView.swift */,
				97E76C6B1B24AE3600F38FB1 /* CommentCell.swift */,
				97E76C6D1B24AE5700F38FB1 /* CommentCell.xib */,
				974205041B30708300F07E5E /* PostCell.swift */,
				974205061B3070BA00F07E5E /* PostCell.xib */,
				97C0B5A21B43DA0700C74281 /* AtUserTableView.swift */,
				9759730A1B44053400FCF28D /* MemberCell.swift */,
				9759730C1B4405E800FCF28D /* MemberCell.xib */,
				97D6B4981B457E450043499B /* PostContentCell.swift */,
				97BC19491B5407A1007E9783 /* MemberReplyCell.swift */,
			);
			name = View;
			sourceTree = "<group>";
		};
		972752081AFF9223001A1F41 /* Controller */ = {
			isa = PBXGroup;
			children = (
				97BA7CFF1AF483B100950A0C /* HotViewController.swift */,
				97BB75421AFCEE7A00872416 /* LatestViewController.swift */,
				97BB75441AFCF8AA00872416 /* NodeViewController.swift */,
				972752151AFFA078001A1F41 /* ProfileViewController.swift */,
				9727521C1B00998E001A1F41 /* BaseViewController.swift */,
				975E6D3C1B0B3F490080F998 /* AccountViewController.swift */,
				97E76C691B24AB3700F38FB1 /* PostDetailViewController.swift */,
				974205021B300E8800F07E5E /* PostViewController.swift */,
				97BC19471B5401CB007E9783 /* MemberReplyViewController.swift */,
			);
			name = Controller;
			sourceTree = "<group>";
		};
		972D99AB1B38352F0069C052 /* v2exTodayExtension */ = {
			isa = PBXGroup;
			children = (
				9739A7E21B3BA02C006D9259 /* v2exTodayExtension.entitlements */,
				972D99AE1B38352F0069C052 /* TodayViewController.swift */,
				972D99B01B38352F0069C052 /* MainInterface.storyboard */,
				972D99AC1B38352F0069C052 /* Supporting Files */,
			);
			path = v2exTodayExtension;
			sourceTree = "<group>";
		};
		972D99AC1B38352F0069C052 /* Supporting Files */ = {
			isa = PBXGroup;
			children = (
				972D99AD1B38352F0069C052 /* Info.plist */,
			);
			name = "Supporting Files";
			sourceTree = "<group>";
		};
		9739A7F81B3BBA85006D9259 /* Vendor */ = {
			isa = PBXGroup;
			children = (
				9739A7F91B3BBA85006D9259 /* FontAwesome */,
				9739A7FE1B3BBA85006D9259 /* Swift-HTML-Parser */,
			);
			path = Vendor;
			sourceTree = "<group>";
		};
		9739A7F91B3BBA85006D9259 /* FontAwesome */ = {
			isa = PBXGroup;
			children = (
				9739A7FA1B3BBA85006D9259 /* Classes */,
				9739A7FC1B3BBA85006D9259 /* Resources */,
			);
			path = FontAwesome;
			sourceTree = "<group>";
		};
		9739A7FA1B3BBA85006D9259 /* Classes */ = {
			isa = PBXGroup;
			children = (
				9739A7FB1B3BBA85006D9259 /* FontAwesome.swift */,
			);
			path = Classes;
			sourceTree = "<group>";
		};
		9739A7FC1B3BBA85006D9259 /* Resources */ = {
			isa = PBXGroup;
			children = (
				9739A7FD1B3BBA85006D9259 /* FontAwesome.otf */,
			);
			path = Resources;
			sourceTree = "<group>";
		};
		9739A7FE1B3BBA85006D9259 /* Swift-HTML-Parser */ = {
			isa = PBXGroup;
			children = (
				9739A7FF1B3BBA85006D9259 /* HTMLNode.swift */,
				9739A8001B3BBA85006D9259 /* HTMLParser.swift */,
			);
			path = "Swift-HTML-Parser";
			sourceTree = "<group>";
		};
		97A0679E1AF49B2600EB475C /* Model */ = {
			isa = PBXGroup;
			children = (
				97A067A31AF4B3C400EB475C /* JSONAble.swift */,
				97BB753E1AFCAF0900872416 /* MemberModel.swift */,
				97BB75401AFCC15D00872416 /* NodeModel.swift */,
				97E76C5F1B218E5700F38FB1 /* PostModel.swift */,
				97E76C6F1B25485C00F38FB1 /* PostDetailModel.swift */,
				97213D0C1B25739500F99FBC /* CommentModel.swift */,
				976418491B58B8A4003986EE /* MemberReplyModel.swift */,
			);
			name = Model;
			sourceTree = "<group>";
		};
		97BA7CCD1AF47FBB00950A0C = {
			isa = PBXGroup;
			children = (
				97BA7CD81AF47FBB00950A0C /* v2ex */,
				97BA7CF01AF47FBB00950A0C /* v2exTests */,
				972D99AB1B38352F0069C052 /* v2exTodayExtension */,
				97EA80481B3AAD87002C7C48 /* v2exKit */,
				97EA80571B3AAD87002C7C48 /* v2exKitTests */,
				97BA7CD71AF47FBB00950A0C /* Products */,
				2EDDCFE1CD0B1A277B293703 /* Pods */,
				A340911AD43A3BA18BC32363 /* Frameworks */,
			);
			sourceTree = "<group>";
		};
		97BA7CD71AF47FBB00950A0C /* Products */ = {
			isa = PBXGroup;
			children = (
				97BA7CD61AF47FBB00950A0C /* v2ex.app */,
				97BA7CED1AF47FBB00950A0C /* v2exTests.xctest */,
				972D99A81B38352F0069C052 /* v2exTodayExtension.appex */,
				97EA80471B3AAD87002C7C48 /* v2exKit.framework */,
				97EA80511B3AAD87002C7C48 /* v2exKitTests.xctest */,
			);
			name = Products;
			sourceTree = "<group>";
		};
		97BA7CD81AF47FBB00950A0C /* v2ex */ = {
			isa = PBXGroup;
			children = (
				9739A7F81B3BBA85006D9259 /* Vendor */,
				9739A7E11B3AC240006D9259 /* v2ex.entitlements */,
				972752081AFF9223001A1F41 /* Controller */,
				972752071AFF9190001A1F41 /* View */,
				97A0679E1AF49B2600EB475C /* Model */,
				97BA7CDB1AF47FBB00950A0C /* AppDelegate.swift */,
				97BA7CE11AF47FBB00950A0C /* Main.storyboard */,
				97BA7CE41AF47FBB00950A0C /* Images.xcassets */,
				97BA7CE61AF47FBB00950A0C /* LaunchScreen.xib */,
				97BA7CD91AF47FBB00950A0C /* Supporting Files */,
				97BB753B1AFBB08200872416 /* v2ex.playground */,
				97BB75461AFCFA0100872416 /* WebViewController.swift */,
				97E62EBD1B11CD5E00589989 /* APIManage.swift */,
			);
			path = v2ex;
			sourceTree = "<group>";
		};
		97BA7CD91AF47FBB00950A0C /* Supporting Files */ = {
			isa = PBXGroup;
			children = (
				97BA7CDA1AF47FBB00950A0C /* Info.plist */,
				9739A7F61B3BB9D8006D9259 /* v2ex-Bridging-Header.h */,
			);
			name = "Supporting Files";
			sourceTree = "<group>";
		};
		97BA7CF01AF47FBB00950A0C /* v2exTests */ = {
			isa = PBXGroup;
			children = (
				97BA7CF31AF47FBB00950A0C /* v2exTests.swift */,
				97BA7CF11AF47FBB00950A0C /* Supporting Files */,
			);
			path = v2exTests;
			sourceTree = "<group>";
		};
		97BA7CF11AF47FBB00950A0C /* Supporting Files */ = {
			isa = PBXGroup;
			children = (
				97BA7CF21AF47FBB00950A0C /* Info.plist */,
			);
			name = "Supporting Files";
			sourceTree = "<group>";
		};
		97EA80481B3AAD87002C7C48 /* v2exKit */ = {
			isa = PBXGroup;
			children = (
				97EA804B1B3AAD87002C7C48 /* v2exKit.h */,
				97EA80491B3AAD87002C7C48 /* Supporting Files */,
				97D645261B3C4936005B4485 /* v2exKit.swift */,
				974F65191B3FF66300927B37 /* STColor.swift */,
				974F651A1B3FF66300927B37 /* STDate.swift */,
				974F651B1B3FF66300927B37 /* STString.swift */,
				974F651C1B3FF66300927B37 /* STTextView.swift */,
				974F651D1B3FF66300927B37 /* STView.swift */,
				97A8CCE51B6B6E5600CFADB9 /* STInsetLabel.swift */,
			);
			path = v2exKit;
			sourceTree = "<group>";
		};
		97EA80491B3AAD87002C7C48 /* Supporting Files */ = {
			isa = PBXGroup;
			children = (
				97EA804A1B3AAD87002C7C48 /* Info.plist */,
			);
			name = "Supporting Files";
			sourceTree = "<group>";
		};
		97EA80571B3AAD87002C7C48 /* v2exKitTests */ = {
			isa = PBXGroup;
			children = (
				97EA805A1B3AAD87002C7C48 /* v2exKitTests.swift */,
				97EA80581B3AAD87002C7C48 /* Supporting Files */,
			);
			path = v2exKitTests;
			sourceTree = "<group>";
		};
		97EA80581B3AAD87002C7C48 /* Supporting Files */ = {
			isa = PBXGroup;
			children = (
				97EA80591B3AAD87002C7C48 /* Info.plist */,
			);
			name = "Supporting Files";
			sourceTree = "<group>";
		};
		A340911AD43A3BA18BC32363 /* Frameworks */ = {
			isa = PBXGroup;
			children = (
				979587321B0F389200B20745 /* libxml2.dylib */,
				5C60098BDFA4AABA175BF634 /* Pods.framework */,
				972D99A91B38352F0069C052 /* NotificationCenter.framework */,
				CFBDE2519A69DA8736E4782E /* Pods_v2ex.framework */,
			);
			name = Frameworks;
			sourceTree = "<group>";
		};
/* End PBXGroup section */

/* Begin PBXHeadersBuildPhase section */
		97EA80441B3AAD87002C7C48 /* Headers */ = {
			isa = PBXHeadersBuildPhase;
			buildActionMask = 2147483647;
			files = (
				97EA804C1B3AAD87002C7C48 /* v2exKit.h in Headers */,
			);
			runOnlyForDeploymentPostprocessing = 0;
		};
/* End PBXHeadersBuildPhase section */

/* Begin PBXNativeTarget section */
		972D99A71B38352F0069C052 /* v2exTodayExtension */ = {
			isa = PBXNativeTarget;
			buildConfigurationList = 972D99B71B38352F0069C052 /* Build configuration list for PBXNativeTarget "v2exTodayExtension" */;
			buildPhases = (
				CF91A5CFB147A8D138D6E8C8 /* Check Pods Manifest.lock */,
				972D99A41B38352F0069C052 /* Sources */,
				972D99A51B38352F0069C052 /* Frameworks */,
				972D99A61B38352F0069C052 /* Resources */,
				19E756588A38CE3D626AD6B5 /* Copy Pods Resources */,
			);
			buildRules = (
			);
			dependencies = (
			);
			name = v2exTodayExtension;
			productName = v2exTodayExtension;
			productReference = 972D99A81B38352F0069C052 /* v2exTodayExtension.appex */;
			productType = "com.apple.product-type.app-extension";
		};
		97BA7CD51AF47FBB00950A0C /* v2ex */ = {
			isa = PBXNativeTarget;
			buildConfigurationList = 97BA7CF71AF47FBB00950A0C /* Build configuration list for PBXNativeTarget "v2ex" */;
			buildPhases = (
				3055C146028BA0E0D4268588 /* Check Pods Manifest.lock */,
				97BA7CD21AF47FBB00950A0C /* Sources */,
				97BA7CD31AF47FBB00950A0C /* Frameworks */,
				97BA7CD41AF47FBB00950A0C /* Resources */,
				4E5E18FEC16D7F4206F241CE /* Embed Pods Frameworks */,
				89688493CCA7F9D9EF00FB90 /* Copy Pods Resources */,
				972D99B81B38352F0069C052 /* Embed App Extensions */,
				97EA80651B3AAD87002C7C48 /* Embed Frameworks */,
				97CA03D01B4BD7C60045E4C6 /* Auto-increment Build */,
				9764184B1B59D1BC003986EE /* Fabric */,
			);
			buildRules = (
			);
			dependencies = (
				972D99B31B38352F0069C052 /* PBXTargetDependency */,
				97EA805D1B3AAD87002C7C48 /* PBXTargetDependency */,
			);
			name = v2ex;
			productName = v2ex;
			productReference = 97BA7CD61AF47FBB00950A0C /* v2ex.app */;
			productType = "com.apple.product-type.application";
		};
		97BA7CEC1AF47FBB00950A0C /* v2exTests */ = {
			isa = PBXNativeTarget;
			buildConfigurationList = 97BA7CFA1AF47FBB00950A0C /* Build configuration list for PBXNativeTarget "v2exTests" */;
			buildPhases = (
				97BA7CE91AF47FBB00950A0C /* Sources */,
				97BA7CEA1AF47FBB00950A0C /* Frameworks */,
				97BA7CEB1AF47FBB00950A0C /* Resources */,
			);
			buildRules = (
			);
			dependencies = (
				97BA7CEF1AF47FBB00950A0C /* PBXTargetDependency */,
			);
			name = v2exTests;
			productName = v2exTests;
			productReference = 97BA7CED1AF47FBB00950A0C /* v2exTests.xctest */;
			productType = "com.apple.product-type.bundle.unit-test";
		};
		97EA80461B3AAD87002C7C48 /* v2exKit */ = {
			isa = PBXNativeTarget;
			buildConfigurationList = 97EA80641B3AAD87002C7C48 /* Build configuration list for PBXNativeTarget "v2exKit" */;
			buildPhases = (
				6C451B20445C28BB71F9B60C /* Check Pods Manifest.lock */,
				97EA80421B3AAD87002C7C48 /* Sources */,
				97EA80431B3AAD87002C7C48 /* Frameworks */,
				97EA80441B3AAD87002C7C48 /* Headers */,
				97EA80451B3AAD87002C7C48 /* Resources */,
				5D3C76E1D06B00DB86D616B3 /* Copy Pods Resources */,
			);
			buildRules = (
			);
			dependencies = (
			);
			name = v2exKit;
			productName = v2exKit;
			productReference = 97EA80471B3AAD87002C7C48 /* v2exKit.framework */;
			productType = "com.apple.product-type.framework";
		};
		97EA80501B3AAD87002C7C48 /* v2exKitTests */ = {
			isa = PBXNativeTarget;
			buildConfigurationList = 97EA80661B3AAD87002C7C48 /* Build configuration list for PBXNativeTarget "v2exKitTests" */;
			buildPhases = (
				97EA804D1B3AAD87002C7C48 /* Sources */,
				97EA804E1B3AAD87002C7C48 /* Frameworks */,
				97EA804F1B3AAD87002C7C48 /* Resources */,
			);
			buildRules = (
			);
			dependencies = (
				97EA80541B3AAD87002C7C48 /* PBXTargetDependency */,
				97EA80561B3AAD87002C7C48 /* PBXTargetDependency */,
			);
			name = v2exKitTests;
			productName = v2exKitTests;
			productReference = 97EA80511B3AAD87002C7C48 /* v2exKitTests.xctest */;
			productType = "com.apple.product-type.bundle.unit-test";
		};
/* End PBXNativeTarget section */

/* Begin PBXProject section */
		97BA7CCE1AF47FBB00950A0C /* Project object */ = {
			isa = PBXProject;
			attributes = {
				LastUpgradeCheck = 0630;
				ORGANIZATIONNAME = zhenwen;
				TargetAttributes = {
					972D99A71B38352F0069C052 = {
						CreatedOnToolsVersion = 6.3.2;
						DevelopmentTeam = H5SRQ56SMQ;
						SystemCapabilities = {
							com.apple.ApplicationGroups.iOS = {
								enabled = 1;
							};
						};
					};
					97BA7CD51AF47FBB00950A0C = {
						CreatedOnToolsVersion = 6.3.1;
						DevelopmentTeam = H5SRQ56SMQ;
						SystemCapabilities = {
							com.apple.ApplicationGroups.iOS = {
								enabled = 1;
							};
						};
					};
					97BA7CEC1AF47FBB00950A0C = {
						CreatedOnToolsVersion = 6.3.1;
						TestTargetID = 97BA7CD51AF47FBB00950A0C;
					};
					97EA80461B3AAD87002C7C48 = {
						CreatedOnToolsVersion = 6.3.2;
					};
					97EA80501B3AAD87002C7C48 = {
						CreatedOnToolsVersion = 6.3.2;
						TestTargetID = 97BA7CD51AF47FBB00950A0C;
					};
				};
			};
			buildConfigurationList = 97BA7CD11AF47FBB00950A0C /* Build configuration list for PBXProject "v2ex" */;
			compatibilityVersion = "Xcode 3.2";
			developmentRegion = English;
			hasScannedForEncodings = 0;
			knownRegions = (
				en,
				Base,
			);
			mainGroup = 97BA7CCD1AF47FBB00950A0C;
			productRefGroup = 97BA7CD71AF47FBB00950A0C /* Products */;
			projectDirPath = "";
			projectRoot = "";
			targets = (
				97BA7CD51AF47FBB00950A0C /* v2ex */,
				97BA7CEC1AF47FBB00950A0C /* v2exTests */,
				972D99A71B38352F0069C052 /* v2exTodayExtension */,
				97EA80461B3AAD87002C7C48 /* v2exKit */,
				97EA80501B3AAD87002C7C48 /* v2exKitTests */,
			);
		};
/* End PBXProject section */

/* Begin PBXResourcesBuildPhase section */
		972D99A61B38352F0069C052 /* Resources */ = {
			isa = PBXResourcesBuildPhase;
			buildActionMask = 2147483647;
			files = (
				972D99B11B38352F0069C052 /* MainInterface.storyboard in Resources */,
			);
			runOnlyForDeploymentPostprocessing = 0;
		};
		97BA7CD41AF47FBB00950A0C /* Resources */ = {
			isa = PBXResourcesBuildPhase;
			buildActionMask = 2147483647;
			files = (
				97BA7CE31AF47FBB00950A0C /* Main.storyboard in Resources */,
				974205071B3070BA00F07E5E /* PostCell.xib in Resources */,
				9739A8021B3BBA85006D9259 /* FontAwesome.otf in Resources */,
				97E76C6E1B24AE5700F38FB1 /* CommentCell.xib in Resources */,
				97BA7CE81AF47FBB00950A0C /* LaunchScreen.xib in Resources */,
				97BA7CE51AF47FBB00950A0C /* Images.xcassets in Resources */,
				9759730D1B4405E800FCF28D /* MemberCell.xib in Resources */,
			);
			runOnlyForDeploymentPostprocessing = 0;
		};
		97BA7CEB1AF47FBB00950A0C /* Resources */ = {
			isa = PBXResourcesBuildPhase;
			buildActionMask = 2147483647;
			files = (
			);
			runOnlyForDeploymentPostprocessing = 0;
		};
		97EA80451B3AAD87002C7C48 /* Resources */ = {
			isa = PBXResourcesBuildPhase;
			buildActionMask = 2147483647;
			files = (
			);
			runOnlyForDeploymentPostprocessing = 0;
		};
		97EA804F1B3AAD87002C7C48 /* Resources */ = {
			isa = PBXResourcesBuildPhase;
			buildActionMask = 2147483647;
			files = (
			);
			runOnlyForDeploymentPostprocessing = 0;
		};
/* End PBXResourcesBuildPhase section */

/* Begin PBXShellScriptBuildPhase section */
		19E756588A38CE3D626AD6B5 /* Copy Pods Resources */ = {
			isa = PBXShellScriptBuildPhase;
			buildActionMask = 2147483647;
			files = (
			);
			inputPaths = (
			);
			name = "Copy Pods Resources";
			outputPaths = (
			);
			runOnlyForDeploymentPostprocessing = 0;
			shellPath = /bin/sh;
			shellScript = "\"${SRCROOT}/Pods/Target Support Files/Pods/Pods-resources.sh\"\n";
			showEnvVarsInLog = 0;
		};
		3055C146028BA0E0D4268588 /* Check Pods Manifest.lock */ = {
			isa = PBXShellScriptBuildPhase;
			buildActionMask = 2147483647;
			files = (
			);
			inputPaths = (
			);
			name = "Check Pods Manifest.lock";
			outputPaths = (
			);
			runOnlyForDeploymentPostprocessing = 0;
			shellPath = /bin/sh;
			shellScript = "diff \"${PODS_ROOT}/../Podfile.lock\" \"${PODS_ROOT}/Manifest.lock\" > /dev/null\nif [[ $? != 0 ]] ; then\n    cat << EOM\nerror: The sandbox is not in sync with the Podfile.lock. Run 'pod install' or update your CocoaPods installation.\nEOM\n    exit 1\nfi\n";
			showEnvVarsInLog = 0;
		};
		4E5E18FEC16D7F4206F241CE /* Embed Pods Frameworks */ = {
			isa = PBXShellScriptBuildPhase;
			buildActionMask = 2147483647;
			files = (
			);
			inputPaths = (
			);
			name = "Embed Pods Frameworks";
			outputPaths = (
			);
			runOnlyForDeploymentPostprocessing = 0;
			shellPath = /bin/sh;
			shellScript = "\"${SRCROOT}/Pods/Target Support Files/Pods-v2ex/Pods-v2ex-frameworks.sh\"\n";
			showEnvVarsInLog = 0;
		};
		5D3C76E1D06B00DB86D616B3 /* Copy Pods Resources */ = {
			isa = PBXShellScriptBuildPhase;
			buildActionMask = 2147483647;
			files = (
			);
			inputPaths = (
			);
			name = "Copy Pods Resources";
			outputPaths = (
			);
			runOnlyForDeploymentPostprocessing = 0;
			shellPath = /bin/sh;
			shellScript = "\"${SRCROOT}/Pods/Target Support Files/Pods/Pods-resources.sh\"\n";
			showEnvVarsInLog = 0;
		};
		6C451B20445C28BB71F9B60C /* Check Pods Manifest.lock */ = {
			isa = PBXShellScriptBuildPhase;
			buildActionMask = 2147483647;
			files = (
			);
			inputPaths = (
			);
			name = "Check Pods Manifest.lock";
			outputPaths = (
			);
			runOnlyForDeploymentPostprocessing = 0;
			shellPath = /bin/sh;
			shellScript = "diff \"${PODS_ROOT}/../Podfile.lock\" \"${PODS_ROOT}/Manifest.lock\" > /dev/null\nif [[ $? != 0 ]] ; then\n    cat << EOM\nerror: The sandbox is not in sync with the Podfile.lock. Run 'pod install' or update your CocoaPods installation.\nEOM\n    exit 1\nfi\n";
			showEnvVarsInLog = 0;
		};
		89688493CCA7F9D9EF00FB90 /* Copy Pods Resources */ = {
			isa = PBXShellScriptBuildPhase;
			buildActionMask = 2147483647;
			files = (
			);
			inputPaths = (
			);
			name = "Copy Pods Resources";
			outputPaths = (
			);
			runOnlyForDeploymentPostprocessing = 0;
			shellPath = /bin/sh;
			shellScript = "\"${SRCROOT}/Pods/Target Support Files/Pods-v2ex/Pods-v2ex-resources.sh\"\n";
			showEnvVarsInLog = 0;
		};
		9764184B1B59D1BC003986EE /* Fabric */ = {
			isa = PBXShellScriptBuildPhase;
			buildActionMask = 2147483647;
			files = (
			);
			inputPaths = (
			);
			name = Fabric;
			outputPaths = (
			);
			runOnlyForDeploymentPostprocessing = 0;
			shellPath = /bin/sh;
			shellScript = "\"${PODS_ROOT}/Fabric/Fabric.framework/run\" 7b53c2e05af000ba52880507b237ee822aadb974 b50c646c4b32821feed62d516b5bcacb06ae0385a9afc817f0e7c40f5a5db038";
		};
		97CA03D01B4BD7C60045E4C6 /* Auto-increment Build */ = {
			isa = PBXShellScriptBuildPhase;
			buildActionMask = 2147483647;
			files = (
			);
			inputPaths = (
			);
			name = "Auto-increment Build";
			outputPaths = (
			);
			runOnlyForDeploymentPostprocessing = 0;
			shellPath = /bin/sh;
			shellScript = "buildNumber=`date +%y%m%d%H`\n/usr/libexec/PlistBuddy -c \"Set :CFBundleVersion $buildNumber\" \"$INFOPLIST_FILE\"";
		};
		CF91A5CFB147A8D138D6E8C8 /* Check Pods Manifest.lock */ = {
			isa = PBXShellScriptBuildPhase;
			buildActionMask = 2147483647;
			files = (
			);
			inputPaths = (
			);
			name = "Check Pods Manifest.lock";
			outputPaths = (
			);
			runOnlyForDeploymentPostprocessing = 0;
			shellPath = /bin/sh;
			shellScript = "diff \"${PODS_ROOT}/../Podfile.lock\" \"${PODS_ROOT}/Manifest.lock\" > /dev/null\nif [[ $? != 0 ]] ; then\n    cat << EOM\nerror: The sandbox is not in sync with the Podfile.lock. Run 'pod install' or update your CocoaPods installation.\nEOM\n    exit 1\nfi\n";
			showEnvVarsInLog = 0;
		};
/* End PBXShellScriptBuildPhase section */

/* Begin PBXSourcesBuildPhase section */
		972D99A41B38352F0069C052 /* Sources */ = {
			isa = PBXSourcesBuildPhase;
			buildActionMask = 2147483647;
			files = (
				972D99AF1B38352F0069C052 /* TodayViewController.swift in Sources */,
			);
			runOnlyForDeploymentPostprocessing = 0;
		};
		97BA7CD21AF47FBB00950A0C /* Sources */ = {
			isa = PBXSourcesBuildPhase;
			buildActionMask = 2147483647;
			files = (
				97BC194A1B5407A1007E9783 /* MemberReplyCell.swift in Sources */,
				97BC19481B5401CB007E9783 /* MemberReplyViewController.swift in Sources */,
				9739A8041B3BBA85006D9259 /* HTMLParser.swift in Sources */,
				97BA7D001AF483B100950A0C /* HotViewController.swift in Sources */,
				97E76C6A1B24AB3700F38FB1 /* PostDetailViewController.swift in Sources */,
				97E76C641B21AC5700F38FB1 /* PostTableView.swift in Sources */,
				97E76C601B218E5700F38FB1 /* PostModel.swift in Sources */,
				97BA7CDC1AF47FBB00950A0C /* AppDelegate.swift in Sources */,
				97E76C6C1B24AE3600F38FB1 /* CommentCell.swift in Sources */,
				975E6D3D1B0B3F490080F998 /* AccountViewController.swift in Sources */,
				97BB75451AFCF8AA00872416 /* NodeViewController.swift in Sources */,
				97D6B4991B457E450043499B /* PostContentCell.swift in Sources */,
				97E76C701B25485C00F38FB1 /* PostDetailModel.swift in Sources */,
				9727521D1B00998E001A1F41 /* BaseViewController.swift in Sources */,
				9739A8031B3BBA85006D9259 /* HTMLNode.swift in Sources */,
				97A067A41AF4B3C400EB475C /* JSONAble.swift in Sources */,
				97BB75411AFCC15D00872416 /* NodeModel.swift in Sources */,
				974205051B30708300F07E5E /* PostCell.swift in Sources */,
				97213D0D1B25739500F99FBC /* CommentModel.swift in Sources */,
				97BB75471AFCFA0100872416 /* WebViewController.swift in Sources */,
				9764184A1B58B8A4003986EE /* MemberReplyModel.swift in Sources */,
				97BB753F1AFCAF0900872416 /* MemberModel.swift in Sources */,
				972752161AFFA078001A1F41 /* ProfileViewController.swift in Sources */,
				974205031B300E8800F07E5E /* PostViewController.swift in Sources */,
				9759730B1B44053400FCF28D /* MemberCell.swift in Sources */,
				97E62EBE1B11CD5E00589989 /* APIManage.swift in Sources */,
				9739A8011B3BBA85006D9259 /* FontAwesome.swift in Sources */,
				97BB75431AFCEE7A00872416 /* LatestViewController.swift in Sources */,
				97C0B5A31B43DA0700C74281 /* AtUserTableView.swift in Sources */,
			);
			runOnlyForDeploymentPostprocessing = 0;
		};
		97BA7CE91AF47FBB00950A0C /* Sources */ = {
			isa = PBXSourcesBuildPhase;
			buildActionMask = 2147483647;
			files = (
				97BA7CF41AF47FBB00950A0C /* v2exTests.swift in Sources */,
			);
			runOnlyForDeploymentPostprocessing = 0;
		};
		97EA80421B3AAD87002C7C48 /* Sources */ = {
			isa = PBXSourcesBuildPhase;
			buildActionMask = 2147483647;
			files = (
				974F65201B3FF66300927B37 /* STDate.swift in Sources */,
				974F651F1B3FF66300927B37 /* STColor.swift in Sources */,
				974F65221B3FF66300927B37 /* STTextView.swift in Sources */,
				974F65231B3FF66300927B37 /* STView.swift in Sources */,
				97D645271B3C4936005B4485 /* v2exKit.swift in Sources */,
				974F65211B3FF66300927B37 /* STString.swift in Sources */,
				97A8CCE61B6B6E5600CFADB9 /* STInsetLabel.swift in Sources */,
			);
			runOnlyForDeploymentPostprocessing = 0;
		};
		97EA804D1B3AAD87002C7C48 /* Sources */ = {
			isa = PBXSourcesBuildPhase;
			buildActionMask = 2147483647;
			files = (
				97EA805B1B3AAD87002C7C48 /* v2exKitTests.swift in Sources */,
			);
			runOnlyForDeploymentPostprocessing = 0;
		};
/* End PBXSourcesBuildPhase section */

/* Begin PBXTargetDependency section */
		972D99B31B38352F0069C052 /* PBXTargetDependency */ = {
			isa = PBXTargetDependency;
			target = 972D99A71B38352F0069C052 /* v2exTodayExtension */;
			targetProxy = 972D99B21B38352F0069C052 /* PBXContainerItemProxy */;
		};
		97BA7CEF1AF47FBB00950A0C /* PBXTargetDependency */ = {
			isa = PBXTargetDependency;
			target = 97BA7CD51AF47FBB00950A0C /* v2ex */;
			targetProxy = 97BA7CEE1AF47FBB00950A0C /* PBXContainerItemProxy */;
		};
		97EA80541B3AAD87002C7C48 /* PBXTargetDependency */ = {
			isa = PBXTargetDependency;
			target = 97EA80461B3AAD87002C7C48 /* v2exKit */;
			targetProxy = 97EA80531B3AAD87002C7C48 /* PBXContainerItemProxy */;
		};
		97EA80561B3AAD87002C7C48 /* PBXTargetDependency */ = {
			isa = PBXTargetDependency;
			target = 97BA7CD51AF47FBB00950A0C /* v2ex */;
			targetProxy = 97EA80551B3AAD87002C7C48 /* PBXContainerItemProxy */;
		};
		97EA805D1B3AAD87002C7C48 /* PBXTargetDependency */ = {
			isa = PBXTargetDependency;
			target = 97EA80461B3AAD87002C7C48 /* v2exKit */;
			targetProxy = 97EA805C1B3AAD87002C7C48 /* PBXContainerItemProxy */;
		};
/* End PBXTargetDependency section */

/* Begin PBXVariantGroup section */
		97BA7CE11AF47FBB00950A0C /* Main.storyboard */ = {
			isa = PBXVariantGroup;
			children = (
				97BA7CE21AF47FBB00950A0C /* Base */,
			);
			name = Main.storyboard;
			sourceTree = "<group>";
		};
		97BA7CE61AF47FBB00950A0C /* LaunchScreen.xib */ = {
			isa = PBXVariantGroup;
			children = (
				97BA7CE71AF47FBB00950A0C /* Base */,
			);
			name = LaunchScreen.xib;
			sourceTree = "<group>";
		};
/* End PBXVariantGroup section */

/* Begin XCBuildConfiguration section */
		972D99B51B38352F0069C052 /* Debug */ = {
			isa = XCBuildConfiguration;
			baseConfigurationReference = 96FD8C32A3900DB4C0D61775 /* Pods.debug.xcconfig */;
			buildSettings = {
				CODE_SIGN_ENTITLEMENTS = v2exTodayExtension/v2exTodayExtension.entitlements;
				CODE_SIGN_IDENTITY = "iPhone Developer";
				"CODE_SIGN_IDENTITY[sdk=iphoneos*]" = "iPhone Developer";
				GCC_PREPROCESSOR_DEFINITIONS = (
					"DEBUG=1",
					"$(inherited)",
				);
				INFOPLIST_FILE = v2exTodayExtension/Info.plist;
				IPHONEOS_DEPLOYMENT_TARGET = 8.0;
				LD_RUNPATH_SEARCH_PATHS = "$(inherited) @executable_path/Frameworks @executable_path/../../Frameworks";
				PRODUCT_NAME = "$(TARGET_NAME)";
				PROVISIONING_PROFILE = "";
				SKIP_INSTALL = YES;
			};
			name = Debug;
		};
		972D99B61B38352F0069C052 /* Release */ = {
			isa = XCBuildConfiguration;
			baseConfigurationReference = A14A1226E5E61D986B0669FF /* Pods.release.xcconfig */;
			buildSettings = {
				CODE_SIGN_ENTITLEMENTS = v2exTodayExtension/v2exTodayExtension.entitlements;
				CODE_SIGN_IDENTITY = "iPhone Developer";
				"CODE_SIGN_IDENTITY[sdk=iphoneos*]" = "iPhone Developer";
				INFOPLIST_FILE = v2exTodayExtension/Info.plist;
				IPHONEOS_DEPLOYMENT_TARGET = 8.0;
				LD_RUNPATH_SEARCH_PATHS = "$(inherited) @executable_path/Frameworks @executable_path/../../Frameworks";
				PRODUCT_NAME = "$(TARGET_NAME)";
				PROVISIONING_PROFILE = "";
				SKIP_INSTALL = YES;
			};
			name = Release;
		};
		97BA7CF51AF47FBB00950A0C /* Debug */ = {
			isa = XCBuildConfiguration;
			buildSettings = {
				ALWAYS_SEARCH_USER_PATHS = NO;
				CLANG_CXX_LANGUAGE_STANDARD = "gnu++0x";
				CLANG_CXX_LIBRARY = "libc++";
				CLANG_ENABLE_MODULES = YES;
				CLANG_ENABLE_OBJC_ARC = YES;
				CLANG_WARN_BOOL_CONVERSION = YES;
				CLANG_WARN_CONSTANT_CONVERSION = YES;
				CLANG_WARN_DIRECT_OBJC_ISA_USAGE = YES_ERROR;
				CLANG_WARN_EMPTY_BODY = YES;
				CLANG_WARN_ENUM_CONVERSION = YES;
				CLANG_WARN_INT_CONVERSION = YES;
				CLANG_WARN_OBJC_ROOT_CLASS = YES_ERROR;
				CLANG_WARN_UNREACHABLE_CODE = YES;
				CLANG_WARN__DUPLICATE_METHOD_MATCH = YES;
				"CODE_SIGN_IDENTITY[sdk=iphoneos*]" = "iPhone Developer";
				COPY_PHASE_STRIP = NO;
				DEBUG_INFORMATION_FORMAT = "dwarf-with-dsym";
				ENABLE_STRICT_OBJC_MSGSEND = YES;
				GCC_C_LANGUAGE_STANDARD = gnu99;
				GCC_DYNAMIC_NO_PIC = NO;
				GCC_NO_COMMON_BLOCKS = YES;
				GCC_OPTIMIZATION_LEVEL = 0;
				GCC_PREPROCESSOR_DEFINITIONS = (
					"DEBUG=1",
					"$(inherited)",
				);
				GCC_SYMBOLS_PRIVATE_EXTERN = NO;
				GCC_WARN_64_TO_32_BIT_CONVERSION = YES;
				GCC_WARN_ABOUT_RETURN_TYPE = YES_ERROR;
				GCC_WARN_UNDECLARED_SELECTOR = YES;
				GCC_WARN_UNINITIALIZED_AUTOS = YES_AGGRESSIVE;
				GCC_WARN_UNUSED_FUNCTION = YES;
				GCC_WARN_UNUSED_VARIABLE = YES;
				IPHONEOS_DEPLOYMENT_TARGET = 8.0;
				MTL_ENABLE_DEBUG_INFO = YES;
				ONLY_ACTIVE_ARCH = YES;
				SDKROOT = iphoneos;
				SWIFT_OPTIMIZATION_LEVEL = "-Onone";
			};
			name = Debug;
		};
		97BA7CF61AF47FBB00950A0C /* Release */ = {
			isa = XCBuildConfiguration;
			buildSettings = {
				ALWAYS_SEARCH_USER_PATHS = NO;
				CLANG_CXX_LANGUAGE_STANDARD = "gnu++0x";
				CLANG_CXX_LIBRARY = "libc++";
				CLANG_ENABLE_MODULES = YES;
				CLANG_ENABLE_OBJC_ARC = YES;
				CLANG_WARN_BOOL_CONVERSION = YES;
				CLANG_WARN_CONSTANT_CONVERSION = YES;
				CLANG_WARN_DIRECT_OBJC_ISA_USAGE = YES_ERROR;
				CLANG_WARN_EMPTY_BODY = YES;
				CLANG_WARN_ENUM_CONVERSION = YES;
				CLANG_WARN_INT_CONVERSION = YES;
				CLANG_WARN_OBJC_ROOT_CLASS = YES_ERROR;
				CLANG_WARN_UNREACHABLE_CODE = YES;
				CLANG_WARN__DUPLICATE_METHOD_MATCH = YES;
				"CODE_SIGN_IDENTITY[sdk=iphoneos*]" = "iPhone Developer";
				COPY_PHASE_STRIP = NO;
				DEBUG_INFORMATION_FORMAT = "dwarf-with-dsym";
				ENABLE_NS_ASSERTIONS = NO;
				ENABLE_STRICT_OBJC_MSGSEND = YES;
				GCC_C_LANGUAGE_STANDARD = gnu99;
				GCC_NO_COMMON_BLOCKS = YES;
				GCC_WARN_64_TO_32_BIT_CONVERSION = YES;
				GCC_WARN_ABOUT_RETURN_TYPE = YES_ERROR;
				GCC_WARN_UNDECLARED_SELECTOR = YES;
				GCC_WARN_UNINITIALIZED_AUTOS = YES_AGGRESSIVE;
				GCC_WARN_UNUSED_FUNCTION = YES;
				GCC_WARN_UNUSED_VARIABLE = YES;
				IPHONEOS_DEPLOYMENT_TARGET = 8.0;
				MTL_ENABLE_DEBUG_INFO = NO;
				SDKROOT = iphoneos;
				VALIDATE_PRODUCT = YES;
			};
			name = Release;
		};
		97BA7CF81AF47FBB00950A0C /* Debug */ = {
			isa = XCBuildConfiguration;
			baseConfigurationReference = F67494F33F897212461927C6 /* Pods-v2ex.debug.xcconfig */;
			buildSettings = {
				ASSETCATALOG_COMPILER_APPICON_NAME = AppIcon;
				CODE_SIGN_ENTITLEMENTS = v2ex/v2ex.entitlements;
				CODE_SIGN_IDENTITY = "iPhone Developer";
				"CODE_SIGN_IDENTITY[sdk=iphoneos*]" = "iPhone Developer";
				DYLIB_COMPATIBILITY_VERSION = "";
				EMBEDDED_CONTENT_CONTAINS_SWIFT = NO;
				FRAMEWORK_SEARCH_PATHS = (
					"$(inherited)",
					"$(PROJECT_DIR)",
				);
				HEADER_SEARCH_PATHS = (
					"$(inherited)",
					/Applications/Xcode6.3.1.app/Contents/Developer/Toolchains/XcodeDefault.xctoolchain/usr/include,
					/usr/include/libxml2,
				);
				INFOPLIST_FILE = v2ex/Info.plist;
				LD_RUNPATH_SEARCH_PATHS = "$(inherited) @executable_path/Frameworks";
				LIBRARY_SEARCH_PATHS = "$(inherited)";
				PRODUCT_NAME = "$(TARGET_NAME)";
				PROVISIONING_PROFILE = "";
				SWIFT_OBJC_BRIDGING_HEADER = "v2ex/v2ex-Bridging-Header.h";
				TARGETED_DEVICE_FAMILY = "1,2";
			};
			name = Debug;
		};
		97BA7CF91AF47FBB00950A0C /* Release */ = {
			isa = XCBuildConfiguration;
			baseConfigurationReference = F2124D4030F01A8208644749 /* Pods-v2ex.release.xcconfig */;
			buildSettings = {
				ASSETCATALOG_COMPILER_APPICON_NAME = AppIcon;
				CODE_SIGN_ENTITLEMENTS = v2ex/v2ex.entitlements;
				CODE_SIGN_IDENTITY = "iPhone Developer";
				"CODE_SIGN_IDENTITY[sdk=iphoneos*]" = "iPhone Developer";
				DYLIB_COMPATIBILITY_VERSION = "";
				EMBEDDED_CONTENT_CONTAINS_SWIFT = NO;
				FRAMEWORK_SEARCH_PATHS = (
					"$(inherited)",
					"$(PROJECT_DIR)",
				);
				HEADER_SEARCH_PATHS = (
					"$(inherited)",
					/Applications/Xcode6.3.1.app/Contents/Developer/Toolchains/XcodeDefault.xctoolchain/usr/include,
					/usr/include/libxml2,
				);
				INFOPLIST_FILE = v2ex/Info.plist;
				LD_RUNPATH_SEARCH_PATHS = "$(inherited) @executable_path/Frameworks";
				LIBRARY_SEARCH_PATHS = "$(inherited)";
				PRODUCT_NAME = "$(TARGET_NAME)";
				PROVISIONING_PROFILE = "";
				SWIFT_OBJC_BRIDGING_HEADER = "v2ex/v2ex-Bridging-Header.h";
				TARGETED_DEVICE_FAMILY = "1,2";
			};
			name = Release;
		};
		97BA7CFB1AF47FBB00950A0C /* Debug */ = {
			isa = XCBuildConfiguration;
			buildSettings = {
				BUNDLE_LOADER = "$(TEST_HOST)";
				FRAMEWORK_SEARCH_PATHS = (
					"$(SDKROOT)/Developer/Library/Frameworks",
					"$(inherited)",
				);
				GCC_PREPROCESSOR_DEFINITIONS = (
					"DEBUG=1",
					"$(inherited)",
				);
				INFOPLIST_FILE = v2exTests/Info.plist;
				LD_RUNPATH_SEARCH_PATHS = "$(inherited) @executable_path/Frameworks @loader_path/Frameworks";
				PRODUCT_NAME = "$(TARGET_NAME)";
				TEST_HOST = "$(BUILT_PRODUCTS_DIR)/v2ex.app/v2ex";
			};
			name = Debug;
		};
		97BA7CFC1AF47FBB00950A0C /* Release */ = {
			isa = XCBuildConfiguration;
			buildSettings = {
				BUNDLE_LOADER = "$(TEST_HOST)";
				FRAMEWORK_SEARCH_PATHS = (
					"$(SDKROOT)/Developer/Library/Frameworks",
					"$(inherited)",
				);
				INFOPLIST_FILE = v2exTests/Info.plist;
				LD_RUNPATH_SEARCH_PATHS = "$(inherited) @executable_path/Frameworks @loader_path/Frameworks";
				PRODUCT_NAME = "$(TARGET_NAME)";
				TEST_HOST = "$(BUILT_PRODUCTS_DIR)/v2ex.app/v2ex";
			};
			name = Release;
		};
		97D3BEB41B73596D002DE710 /* InHouse */ = {
			isa = XCBuildConfiguration;
			buildSettings = {
				ALWAYS_SEARCH_USER_PATHS = NO;
				CLANG_CXX_LANGUAGE_STANDARD = "gnu++0x";
				CLANG_CXX_LIBRARY = "libc++";
				CLANG_ENABLE_MODULES = YES;
				CLANG_ENABLE_OBJC_ARC = YES;
				CLANG_WARN_BOOL_CONVERSION = YES;
				CLANG_WARN_CONSTANT_CONVERSION = YES;
				CLANG_WARN_DIRECT_OBJC_ISA_USAGE = YES_ERROR;
				CLANG_WARN_EMPTY_BODY = YES;
				CLANG_WARN_ENUM_CONVERSION = YES;
				CLANG_WARN_INT_CONVERSION = YES;
				CLANG_WARN_OBJC_ROOT_CLASS = YES_ERROR;
				CLANG_WARN_UNREACHABLE_CODE = YES;
				CLANG_WARN__DUPLICATE_METHOD_MATCH = YES;
				"CODE_SIGN_IDENTITY[sdk=iphoneos*]" = "iPhone Developer";
				COPY_PHASE_STRIP = NO;
				DEBUG_INFORMATION_FORMAT = "dwarf-with-dsym";
				ENABLE_NS_ASSERTIONS = NO;
				ENABLE_STRICT_OBJC_MSGSEND = YES;
				GCC_C_LANGUAGE_STANDARD = gnu99;
				GCC_NO_COMMON_BLOCKS = YES;
				GCC_WARN_64_TO_32_BIT_CONVERSION = YES;
				GCC_WARN_ABOUT_RETURN_TYPE = YES_ERROR;
				GCC_WARN_UNDECLARED_SELECTOR = YES;
				GCC_WARN_UNINITIALIZED_AUTOS = YES_AGGRESSIVE;
				GCC_WARN_UNUSED_FUNCTION = YES;
				GCC_WARN_UNUSED_VARIABLE = YES;
				IPHONEOS_DEPLOYMENT_TARGET = 8.0;
				MTL_ENABLE_DEBUG_INFO = NO;
				SDKROOT = iphoneos;
				VALIDATE_PRODUCT = YES;
			};
			name = InHouse;
		};
		97D3BEB51B73596D002DE710 /* InHouse */ = {
			isa = XCBuildConfiguration;
			baseConfigurationReference = F2124D4030F01A8208644749 /* Pods-v2ex.release.xcconfig */;
			buildSettings = {
				ASSETCATALOG_COMPILER_APPICON_NAME = AppIcon;
				CODE_SIGN_ENTITLEMENTS = v2ex/v2ex.entitlements;
				CODE_SIGN_IDENTITY = "iPhone Developer";
				"CODE_SIGN_IDENTITY[sdk=iphoneos*]" = "iPhone Distribution: Shanghai Joysports Information Technology Co., Ltd.";
				DYLIB_COMPATIBILITY_VERSION = "";
				EMBEDDED_CONTENT_CONTAINS_SWIFT = NO;
				FRAMEWORK_SEARCH_PATHS = (
					"$(inherited)",
					"$(PROJECT_DIR)",
				);
				HEADER_SEARCH_PATHS = (
					"$(inherited)",
					/Applications/Xcode6.3.1.app/Contents/Developer/Toolchains/XcodeDefault.xctoolchain/usr/include,
					/usr/include/libxml2,
				);
				INFOPLIST_FILE = v2ex/Info.plist;
				LD_RUNPATH_SEARCH_PATHS = "$(inherited) @executable_path/Frameworks";
				LIBRARY_SEARCH_PATHS = "$(inherited)";
				PRODUCT_NAME = "$(TARGET_NAME)";
				PROVISIONING_PROFILE = "e28eb58f-26c2-4626-913b-9f0bc191eb0e";
				SWIFT_OBJC_BRIDGING_HEADER = "v2ex/v2ex-Bridging-Header.h";
				TARGETED_DEVICE_FAMILY = "1,2";
			};
			name = InHouse;
		};
		97D3BEB61B73596D002DE710 /* InHouse */ = {
			isa = XCBuildConfiguration;
			buildSettings = {
				BUNDLE_LOADER = "$(TEST_HOST)";
				FRAMEWORK_SEARCH_PATHS = (
					"$(SDKROOT)/Developer/Library/Frameworks",
					"$(inherited)",
				);
				INFOPLIST_FILE = v2exTests/Info.plist;
				LD_RUNPATH_SEARCH_PATHS = "$(inherited) @executable_path/Frameworks @loader_path/Frameworks";
				PRODUCT_NAME = "$(TARGET_NAME)";
				TEST_HOST = "$(BUILT_PRODUCTS_DIR)/v2ex.app/v2ex";
			};
			name = InHouse;
		};
		97D3BEB71B73596D002DE710 /* InHouse */ = {
			isa = XCBuildConfiguration;
			baseConfigurationReference = A14A1226E5E61D986B0669FF /* Pods.release.xcconfig */;
			buildSettings = {
				CODE_SIGN_ENTITLEMENTS = v2exTodayExtension/v2exTodayExtension.entitlements;
				CODE_SIGN_IDENTITY = "iPhone Developer";
				"CODE_SIGN_IDENTITY[sdk=iphoneos*]" = "iPhone Distribution: Shanghai Joysports Information Technology Co., Ltd.";
				INFOPLIST_FILE = v2exTodayExtension/Info.plist;
				IPHONEOS_DEPLOYMENT_TARGET = 8.0;
				LD_RUNPATH_SEARCH_PATHS = "$(inherited) @executable_path/Frameworks @executable_path/../../Frameworks";
				PRODUCT_NAME = "$(TARGET_NAME)";
				PROVISIONING_PROFILE = "12a230a3-e075-4039-a325-5c4d783ce0e9";
				SKIP_INSTALL = YES;
			};
			name = InHouse;
		};
		97D3BEB81B73596D002DE710 /* InHouse */ = {
			isa = XCBuildConfiguration;
			baseConfigurationReference = A14A1226E5E61D986B0669FF /* Pods.release.xcconfig */;
			buildSettings = {
				CLANG_ALLOW_NON_MODULAR_INCLUDES_IN_FRAMEWORK_MODULES = NO;
				CLANG_ENABLE_MODULES = YES;
				CODE_SIGN_IDENTITY = "iPhone Developer";
				CURRENT_PROJECT_VERSION = 1;
				DEFINES_MODULE = YES;
				DYLIB_COMPATIBILITY_VERSION = 1;
				DYLIB_CURRENT_VERSION = 1;
				DYLIB_INSTALL_NAME_BASE = "@rpath";
				FRAMEWORK_SEARCH_PATHS = (
					"$(inherited)",
					"\"$PODS_FRAMEWORK_BUILD_PATH\"",
				);
				HEADER_SEARCH_PATHS = (
					"$(inherited)",
					/Applications/Xcode.app/Contents/Developer/Toolchains/XcodeDefault.xctoolchain/usr/include,
					/usr/include/libxml2,
				);
				INFOPLIST_FILE = v2exKit/Info.plist;
				INSTALL_PATH = "$(LOCAL_LIBRARY_DIR)/Frameworks";
				IPHONEOS_DEPLOYMENT_TARGET = 8.0;
				LD_RUNPATH_SEARCH_PATHS = "$(inherited) @executable_path/Frameworks @loader_path/Frameworks";
				OTHER_LDFLAGS = (
					"$(inherited)",
					"-ObjC",
					"-framework",
					"\"Alamofire\"",
					"-framework",
					"\"SwiftyJSON\"",
				);
				PRODUCT_NAME = "$(TARGET_NAME)";
				SKIP_INSTALL = YES;
				SWIFT_OBJC_BRIDGING_HEADER = "";
				TARGETED_DEVICE_FAMILY = "1,2";
				VERSIONING_SYSTEM = "apple-generic";
				VERSION_INFO_PREFIX = "";
			};
			name = InHouse;
		};
		97D3BEB91B73596D002DE710 /* InHouse */ = {
			isa = XCBuildConfiguration;
			buildSettings = {
				FRAMEWORK_SEARCH_PATHS = (
					"$(SDKROOT)/Developer/Library/Frameworks",
					"$(inherited)",
				);
				INFOPLIST_FILE = v2exKitTests/Info.plist;
				IPHONEOS_DEPLOYMENT_TARGET = 8.3;
				LD_RUNPATH_SEARCH_PATHS = "$(inherited) @executable_path/Frameworks @loader_path/Frameworks";
				PRODUCT_NAME = "$(TARGET_NAME)";
				TEST_HOST = "$(BUILT_PRODUCTS_DIR)/v2ex.app/v2ex";
			};
			name = InHouse;
		};
		97EA80601B3AAD87002C7C48 /* Debug */ = {
			isa = XCBuildConfiguration;
			baseConfigurationReference = 96FD8C32A3900DB4C0D61775 /* Pods.debug.xcconfig */;
			buildSettings = {
				CLANG_ALLOW_NON_MODULAR_INCLUDES_IN_FRAMEWORK_MODULES = NO;
				CLANG_ENABLE_MODULES = YES;
				CODE_SIGN_IDENTITY = "iPhone Developer";
				CURRENT_PROJECT_VERSION = 1;
				DEFINES_MODULE = YES;
				DYLIB_COMPATIBILITY_VERSION = 1;
				DYLIB_CURRENT_VERSION = 1;
				DYLIB_INSTALL_NAME_BASE = "@rpath";
				FRAMEWORK_SEARCH_PATHS = (
					"$(inherited)",
					"\"$PODS_FRAMEWORK_BUILD_PATH\"",
				);
				GCC_PREPROCESSOR_DEFINITIONS = (
					"DEBUG=1",
					"$(inherited)",
				);
				HEADER_SEARCH_PATHS = (
					"$(inherited)",
					/Applications/Xcode.app/Contents/Developer/Toolchains/XcodeDefault.xctoolchain/usr/include,
					/usr/include/libxml2,
				);
				INFOPLIST_FILE = v2exKit/Info.plist;
				INSTALL_PATH = "$(LOCAL_LIBRARY_DIR)/Frameworks";
				IPHONEOS_DEPLOYMENT_TARGET = 8.0;
				LD_RUNPATH_SEARCH_PATHS = "$(inherited) @executable_path/Frameworks @loader_path/Frameworks";
				OTHER_LDFLAGS = (
					"$(inherited)",
					"-ObjC",
					"-framework",
					"\"Alamofire\"",
					"-framework",
					"\"SwiftyJSON\"",
				);
				PRODUCT_NAME = "$(TARGET_NAME)";
				SKIP_INSTALL = YES;
				SWIFT_OBJC_BRIDGING_HEADER = "";
				SWIFT_OPTIMIZATION_LEVEL = "-Onone";
				TARGETED_DEVICE_FAMILY = "1,2";
				VERSIONING_SYSTEM = "apple-generic";
				VERSION_INFO_PREFIX = "";
			};
			name = Debug;
		};
		97EA80611B3AAD87002C7C48 /* Release */ = {
			isa = XCBuildConfiguration;
			baseConfigurationReference = A14A1226E5E61D986B0669FF /* Pods.release.xcconfig */;
			buildSettings = {
				CLANG_ALLOW_NON_MODULAR_INCLUDES_IN_FRAMEWORK_MODULES = NO;
				CLANG_ENABLE_MODULES = YES;
				CODE_SIGN_IDENTITY = "iPhone Developer";
				"CODE_SIGN_IDENTITY[sdk=iphoneos*]" = "iPhone Developer";
				CURRENT_PROJECT_VERSION = 1;
				DEFINES_MODULE = YES;
				DYLIB_COMPATIBILITY_VERSION = 1;
				DYLIB_CURRENT_VERSION = 1;
				DYLIB_INSTALL_NAME_BASE = "@rpath";
				FRAMEWORK_SEARCH_PATHS = (
					"$(inherited)",
					"\"$PODS_FRAMEWORK_BUILD_PATH\"",
				);
				HEADER_SEARCH_PATHS = (
					"$(inherited)",
					/Applications/Xcode.app/Contents/Developer/Toolchains/XcodeDefault.xctoolchain/usr/include,
					/usr/include/libxml2,
				);
				INFOPLIST_FILE = v2exKit/Info.plist;
				INSTALL_PATH = "$(LOCAL_LIBRARY_DIR)/Frameworks";
				IPHONEOS_DEPLOYMENT_TARGET = 8.0;
				LD_RUNPATH_SEARCH_PATHS = "$(inherited) @executable_path/Frameworks @loader_path/Frameworks";
				OTHER_LDFLAGS = (
					"$(inherited)",
					"-ObjC",
					"-framework",
					"\"Alamofire\"",
					"-framework",
					"\"SwiftyJSON\"",
				);
				PRODUCT_NAME = "$(TARGET_NAME)";
				PROVISIONING_PROFILE = "";
				SKIP_INSTALL = YES;
				SWIFT_OBJC_BRIDGING_HEADER = "";
				TARGETED_DEVICE_FAMILY = "1,2";
				VERSIONING_SYSTEM = "apple-generic";
				VERSION_INFO_PREFIX = "";
			};
			name = Release;
		};
		97EA80621B3AAD87002C7C48 /* Debug */ = {
			isa = XCBuildConfiguration;
			buildSettings = {
				FRAMEWORK_SEARCH_PATHS = (
					"$(SDKROOT)/Developer/Library/Frameworks",
					"$(inherited)",
				);
				GCC_PREPROCESSOR_DEFINITIONS = (
					"DEBUG=1",
					"$(inherited)",
				);
				INFOPLIST_FILE = v2exKitTests/Info.plist;
				IPHONEOS_DEPLOYMENT_TARGET = 8.3;
				LD_RUNPATH_SEARCH_PATHS = "$(inherited) @executable_path/Frameworks @loader_path/Frameworks";
				PRODUCT_NAME = "$(TARGET_NAME)";
				TEST_HOST = "$(BUILT_PRODUCTS_DIR)/v2ex.app/v2ex";
			};
			name = Debug;
		};
		97EA80631B3AAD87002C7C48 /* Release */ = {
			isa = XCBuildConfiguration;
			buildSettings = {
				FRAMEWORK_SEARCH_PATHS = (
					"$(SDKROOT)/Developer/Library/Frameworks",
					"$(inherited)",
				);
				INFOPLIST_FILE = v2exKitTests/Info.plist;
				IPHONEOS_DEPLOYMENT_TARGET = 8.3;
				LD_RUNPATH_SEARCH_PATHS = "$(inherited) @executable_path/Frameworks @loader_path/Frameworks";
				PRODUCT_NAME = "$(TARGET_NAME)";
				TEST_HOST = "$(BUILT_PRODUCTS_DIR)/v2ex.app/v2ex";
			};
			name = Release;
		};
/* End XCBuildConfiguration section */

/* Begin XCConfigurationList section */
		972D99B71B38352F0069C052 /* Build configuration list for PBXNativeTarget "v2exTodayExtension" */ = {
			isa = XCConfigurationList;
			buildConfigurations = (
				972D99B51B38352F0069C052 /* Debug */,
				972D99B61B38352F0069C052 /* Release */,
				97D3BEB71B73596D002DE710 /* InHouse */,
			);
			defaultConfigurationIsVisible = 0;
			defaultConfigurationName = Release;
		};
		97BA7CD11AF47FBB00950A0C /* Build configuration list for PBXProject "v2ex" */ = {
			isa = XCConfigurationList;
			buildConfigurations = (
				97BA7CF51AF47FBB00950A0C /* Debug */,
				97BA7CF61AF47FBB00950A0C /* Release */,
				97D3BEB41B73596D002DE710 /* InHouse */,
			);
			defaultConfigurationIsVisible = 0;
			defaultConfigurationName = Release;
		};
		97BA7CF71AF47FBB00950A0C /* Build configuration list for PBXNativeTarget "v2ex" */ = {
			isa = XCConfigurationList;
			buildConfigurations = (
				97BA7CF81AF47FBB00950A0C /* Debug */,
				97BA7CF91AF47FBB00950A0C /* Release */,
				97D3BEB51B73596D002DE710 /* InHouse */,
			);
			defaultConfigurationIsVisible = 0;
			defaultConfigurationName = Release;
		};
		97BA7CFA1AF47FBB00950A0C /* Build configuration list for PBXNativeTarget "v2exTests" */ = {
			isa = XCConfigurationList;
			buildConfigurations = (
				97BA7CFB1AF47FBB00950A0C /* Debug */,
				97BA7CFC1AF47FBB00950A0C /* Release */,
				97D3BEB61B73596D002DE710 /* InHouse */,
			);
			defaultConfigurationIsVisible = 0;
			defaultConfigurationName = Release;
		};
		97EA80641B3AAD87002C7C48 /* Build configuration list for PBXNativeTarget "v2exKit" */ = {
			isa = XCConfigurationList;
			buildConfigurations = (
				97EA80601B3AAD87002C7C48 /* Debug */,
				97EA80611B3AAD87002C7C48 /* Release */,
				97D3BEB81B73596D002DE710 /* InHouse */,
			);
			defaultConfigurationIsVisible = 0;
			defaultConfigurationName = Release;
		};
		97EA80661B3AAD87002C7C48 /* Build configuration list for PBXNativeTarget "v2exKitTests" */ = {
			isa = XCConfigurationList;
			buildConfigurations = (
				97EA80621B3AAD87002C7C48 /* Debug */,
				97EA80631B3AAD87002C7C48 /* Release */,
				97D3BEB91B73596D002DE710 /* InHouse */,
			);
			defaultConfigurationIsVisible = 0;
			defaultConfigurationName = Release;
		};
/* End XCConfigurationList section */
	};
	rootObject = 97BA7CCE1AF47FBB00950A0C /* Project object */;
}
